
Microsoft Visual Studio Solution File, Format Version 12.00
# Visual Studio Version 17
VisualStudioVersion = 17.9.34701.34
MinimumVisualStudioVersion = 10.0.40219.1
Project("{9A19103F-16F7-4668-BE54-9A1E7A4F7556}") = "Server", "Server\Server.csproj", "{835600C4-15E0-42A8-9442-D326AA42AEE9}"
EndProject
Project("{9A19103F-16F7-4668-BE54-9A1E7A4F7556}") = "Client", "Client\Client.csproj", "{881DC147-B5FF-4A8F-AD93-7159FD2184F9}"
EndProject
Project("{FAE04EC0-301F-11D3-BF4B-00C04F79EFBC}") = "Models", "Models\Models.csproj", "{1576A196-12B9-44BC-9A4F-A3DD7FA4B6A1}"
EndProject
Global
	GlobalSection(SolutionConfigurationPlatforms) = preSolution
		Debug|Any CPU = Debug|Any CPU
		Release|Any CPU = Release|Any CPU
	EndGlobalSection
	GlobalSection(ProjectConfigurationPlatforms) = postSolution
		{835600C4-15E0-42A8-9442-D326AA42AEE9}.Debug|Any CPU.ActiveCfg = Debug|Any CPU
		{835600C4-15E0-42A8-9442-D326AA42AEE9}.Debug|Any CPU.Build.0 = Debug|Any CPU
		{835600C4-15E0-42A8-9442-D326AA42AEE9}.Release|Any CPU.ActiveCfg = Release|Any CPU
		{835600C4-15E0-42A8-9442-D326AA42AEE9}.Release|Any CPU.Build.0 = Release|Any CPU
		{881DC147-B5FF-4A8F-AD93-7159FD2184F9}.Debug|Any CPU.ActiveCfg = Debug|Any CPU
		{881DC147-B5FF-4A8F-AD93-7159FD2184F9}.Debug|Any CPU.Build.0 = Debug|Any CPU
		{881DC147-B5FF-4A8F-AD93-7159FD2184F9}.Release|Any CPU.ActiveCfg = Release|Any CPU
		{881DC147-B5FF-4A8F-AD93-7159FD2184F9}.Release|Any CPU.Build.0 = Release|Any CPU
		{1576A196-12B9-44BC-9A4F-A3DD7FA4B6A1}.Debug|Any CPU.ActiveCfg = Debug|Any CPU
		{1576A196-12B9-44BC-9A4F-A3DD7FA4B6A1}.Debug|Any CPU.Build.0 = Debug|Any CPU
		{1576A196-12B9-44BC-9A4F-A3DD7FA4B6A1}.Release|Any CPU.ActiveCfg = Release|Any CPU
		{1576A196-12B9-44BC-9A4F-A3DD7FA4B6A1}.Release|Any CPU.Build.0 = Release|Any CPU
	EndGlobalSection
	GlobalSection(SolutionProperties) = preSolution
		HideSolutionNode = FALSE
	EndGlobalSection
	GlobalSection(ExtensibilityGlobals) = postSolution
		SolutionGuid = {5B227591-51B2-4531-91B1-CB140F69917D}
	EndGlobalSection
EndGlobal
